
Microsoft Visual Studio Solution File, Format Version 12.00
# Visual Studio 15
VisualStudioVersion = 15.0.26228.4
MinimumVisualStudioVersion = 10.0.40219.1
Project("{9A19103F-16F7-4668-BE54-9A1E7A4F7556}") = "SolutionParser", "SolutionParser\SolutionParser.csproj", "{AE17D442-B29B-4F55-9801-7151BCD0D9CA}"
EndProject
Project("{9A19103F-16F7-4668-BE54-9A1E7A4F7556}") = "SolutionParserTest", "SolutionParserTest\SolutionParserTest.csproj", "{B8830ABF-86E0-458B-B939-D4A8EA889366}"
EndProject
Global
	GlobalSection(SolutionConfigurationPlatforms) = preSolution
		Debug|Any CPU = Debug|Any CPU
		Release|Any CPU = Release|Any CPU
	EndGlobalSection
	GlobalSection(ProjectConfigurationPlatforms) = postSolution
		{AE17D442-B29B-4F55-9801-7151BCD0D9CA}.Debug|Any CPU.ActiveCfg = Debug|Any CPU
		{AE17D442-B29B-4F55-9801-7151BCD0D9CA}.Debug|Any CPU.Build.0 = Debug|Any CPU
		{AE17D442-B29B-4F55-9801-7151BCD0D9CA}.Release|Any CPU.ActiveCfg = Release|Any CPU
		{AE17D442-B29B-4F55-9801-7151BCD0D9CA}.Release|Any CPU.Build.0 = Release|Any CPU
		{B8830ABF-86E0-458B-B939-D4A8EA889366}.Debug|Any CPU.ActiveCfg = Debug|Any CPU
		{B8830ABF-86E0-458B-B939-D4A8EA889366}.Debug|Any CPU.Build.0 = Debug|Any CPU
		{B8830ABF-86E0-458B-B939-D4A8EA889366}.Release|Any CPU.ActiveCfg = Release|Any CPU
		{B8830ABF-86E0-458B-B939-D4A8EA889366}.Release|Any CPU.Build.0 = Release|Any CPU
	EndGlobalSection
	GlobalSection(SolutionProperties) = preSolution
		HideSolutionNode = FALSE
	EndGlobalSection
EndGlobal
